
Microsoft Visual Studio Solution File, Format Version 12.00
# Visual Studio Version 17
VisualStudioVersion = 17.7.34031.279
MinimumVisualStudioVersion = 10.0.40219.1
Project("{FAE04EC0-301F-11D3-BF4B-00C04F79EFBC}") = "quiz-api", "quiz-api\quiz-api.csproj", "{70E14A46-9E97-4804-93D8-71C457D7E329}"
EndProject
Global
	GlobalSection(SolutionConfigurationPlatforms) = preSolution
		Debug|Any CPU = Debug|Any CPU
		Release|Any CPU = Release|Any CPU
	EndGlobalSection
	GlobalSection(ProjectConfigurationPlatforms) = postSolution
		{70E14A46-9E97-4804-93D8-71C457D7E329}.Debug|Any CPU.ActiveCfg = Debug|Any CPU
		{70E14A46-9E97-4804-93D8-71C457D7E329}.Debug|Any CPU.Build.0 = Debug|Any CPU
		{70E14A46-9E97-4804-93D8-71C457D7E329}.Release|Any CPU.ActiveCfg = Release|Any CPU
		{70E14A46-9E97-4804-93D8-71C457D7E329}.Release|Any CPU.Build.0 = Release|Any CPU
	EndGlobalSection
	GlobalSection(SolutionProperties) = preSolution
		HideSolutionNode = FALSE
	EndGlobalSection
	GlobalSection(ExtensibilityGlobals) = postSolution
		SolutionGuid = {D6B56532-FB60-4634-896C-6FEFCE29B358}
	EndGlobalSection
EndGlobal
